
Microsoft Visual Studio Solution File, Format Version 12.00
# Visual Studio Version 17
VisualStudioVersion = 17.5.33530.505
MinimumVisualStudioVersion = 10.0.40219.1
Project("{FAE04EC0-301F-11D3-BF4B-00C04F79EFBC}") = "Web API Core", "Web API Core\Web API Core.csproj", "{A2B0C967-F9DD-4FDA-943D-ED27B4AE6FAA}"
EndProject
Project("{FAE04EC0-301F-11D3-BF4B-00C04F79EFBC}") = "BusinessCore", "BusinessCore\BusinessCore.csproj", "{147EB780-2124-4034-9B59-CF22E393B17C}"
EndProject
Global
	GlobalSection(SolutionConfigurationPlatforms) = preSolution
		Debug|Any CPU = Debug|Any CPU
		Release|Any CPU = Release|Any CPU
	EndGlobalSection
	GlobalSection(ProjectConfigurationPlatforms) = postSolution
		{A2B0C967-F9DD-4FDA-943D-ED27B4AE6FAA}.Debug|Any CPU.ActiveCfg = Debug|Any CPU
		{A2B0C967-F9DD-4FDA-943D-ED27B4AE6FAA}.Debug|Any CPU.Build.0 = Debug|Any CPU
		{A2B0C967-F9DD-4FDA-943D-ED27B4AE6FAA}.Release|Any CPU.ActiveCfg = Release|Any CPU
		{A2B0C967-F9DD-4FDA-943D-ED27B4AE6FAA}.Release|Any CPU.Build.0 = Release|Any CPU
		{147EB780-2124-4034-9B59-CF22E393B17C}.Debug|Any CPU.ActiveCfg = Debug|Any CPU
		{147EB780-2124-4034-9B59-CF22E393B17C}.Debug|Any CPU.Build.0 = Debug|Any CPU
		{147EB780-2124-4034-9B59-CF22E393B17C}.Release|Any CPU.ActiveCfg = Release|Any CPU
		{147EB780-2124-4034-9B59-CF22E393B17C}.Release|Any CPU.Build.0 = Release|Any CPU
	EndGlobalSection
	GlobalSection(SolutionProperties) = preSolution
		HideSolutionNode = FALSE
	EndGlobalSection
	GlobalSection(ExtensibilityGlobals) = postSolution
		SolutionGuid = {00E737C5-087D-4D88-8E87-3DF5A3704F22}
	EndGlobalSection
EndGlobal
